{
    "name": "arhsr2",
    "version": "1.0",
    "lockfileVersion": 2,
    "requires": true,
    "packages": {
        "": {
            "name": "arhsr2",
            "version": "1.0",
            "license": "MIT",
            "dependencies": {
                "chromedriver": "^105.0.0",
                "selenium-webdriver": "^4.4.0"
            }
        }
    }
}
